
Microsoft Visual Studio Solution File, Format Version 12.00
# Visual Studio Version 17
VisualStudioVersion = 17.0.31903.59
MinimumVisualStudioVersion = 10.0.40219.1
Project("{2150E333-8FDC-42A3-9474-1A3956D46DE8}") = "src", "src", "{827E0CD3-B72D-47B6-A68D-7590B98EB39B}"
EndProject
Project("{FAE04EC0-301F-11D3-BF4B-00C04F79EFBC}") = "Peps.API", "src\Peps.API\Peps.API.csproj", "{5D0CF752-9FA0-4E8C-8D67-3448ACD383AD}"
EndProject
Project("{FAE04EC0-301F-11D3-BF4B-00C04F79EFBC}") = "Peps.Application", "src\Peps.Application\Peps.Application.csproj", "{D79DFC42-659C-431B-B911-F13B47D97B14}"
EndProject
Project("{FAE04EC0-301F-11D3-BF4B-00C04F79EFBC}") = "Peps.Domain", "src\Peps.Domain\Peps.Domain.csproj", "{E9125D3A-BCEB-4616-9BFE-8C81500681A5}"
EndProject
Project("{FAE04EC0-301F-11D3-BF4B-00C04F79EFBC}") = "Peps.Infrastructure", "src\Peps.Infrastructure\Peps.Infrastructure.csproj", "{C221EEBD-DDFF-45D3-BD8F-B6EE51FB5DEC}"
EndProject
Project("{FAE04EC0-301F-11D3-BF4B-00C04F79EFBC}") = "Peps.Persistence", "src\Peps.Persistence\Peps.Persistence.csproj", "{6F17F9DF-B76C-4392-A45F-55DD7D6592A4}"
EndProject
Project("{2150E333-8FDC-42A3-9474-1A3956D46DE8}") = "tests", "tests", "{0AB3BF05-4346-4AA6-1389-037BE0695223}"
EndProject
Project("{FAE04EC0-301F-11D3-BF4B-00C04F79EFBC}") = "Peps.UnitTests", "tests\Peps.UnitTests\Peps.UnitTests.csproj", "{3B18D6AD-3D13-4CDA-A87E-A172ECF0F25A}"
EndProject
Project("{FAE04EC0-301F-11D3-BF4B-00C04F79EFBC}") = "Peps.IntegrationTests", "tests\Peps.IntegrationTests\Peps.IntegrationTests.csproj", "{FDDB19AB-96C6-4F80-AADF-C5E4E5B049AF}"
EndProject
Global
	GlobalSection(SolutionConfigurationPlatforms) = preSolution
		Debug|Any CPU = Debug|Any CPU
		Debug|x64 = Debug|x64
		Debug|x86 = Debug|x86
		Release|Any CPU = Release|Any CPU
		Release|x64 = Release|x64
		Release|x86 = Release|x86
	EndGlobalSection
	GlobalSection(ProjectConfigurationPlatforms) = postSolution
		{5D0CF752-9FA0-4E8C-8D67-3448ACD383AD}.Debug|Any CPU.ActiveCfg = Debug|Any CPU
		{5D0CF752-9FA0-4E8C-8D67-3448ACD383AD}.Debug|Any CPU.Build.0 = Debug|Any CPU
		{5D0CF752-9FA0-4E8C-8D67-3448ACD383AD}.Debug|x64.ActiveCfg = Debug|Any CPU
		{5D0CF752-9FA0-4E8C-8D67-3448ACD383AD}.Debug|x64.Build.0 = Debug|Any CPU
		{5D0CF752-9FA0-4E8C-8D67-3448ACD383AD}.Debug|x86.ActiveCfg = Debug|Any CPU
		{5D0CF752-9FA0-4E8C-8D67-3448ACD383AD}.Debug|x86.Build.0 = Debug|Any CPU
		{5D0CF752-9FA0-4E8C-8D67-3448ACD383AD}.Release|Any CPU.ActiveCfg = Release|Any CPU
		{5D0CF752-9FA0-4E8C-8D67-3448ACD383AD}.Release|Any CPU.Build.0 = Release|Any CPU
		{5D0CF752-9FA0-4E8C-8D67-3448ACD383AD}.Release|x64.ActiveCfg = Release|Any CPU
		{5D0CF752-9FA0-4E8C-8D67-3448ACD383AD}.Release|x64.Build.0 = Release|Any CPU
		{5D0CF752-9FA0-4E8C-8D67-3448ACD383AD}.Release|x86.ActiveCfg = Release|Any CPU
		{5D0CF752-9FA0-4E8C-8D67-3448ACD383AD}.Release|x86.Build.0 = Release|Any CPU
		{D79DFC42-659C-431B-B911-F13B47D97B14}.Debug|Any CPU.ActiveCfg = Debug|Any CPU
		{D79DFC42-659C-431B-B911-F13B47D97B14}.Debug|Any CPU.Build.0 = Debug|Any CPU
		{D79DFC42-659C-431B-B911-F13B47D97B14}.Debug|x64.ActiveCfg = Debug|Any CPU
		{D79DFC42-659C-431B-B911-F13B47D97B14}.Debug|x64.Build.0 = Debug|Any CPU
		{D79DFC42-659C-431B-B911-F13B47D97B14}.Debug|x86.ActiveCfg = Debug|Any CPU
		{D79DFC42-659C-431B-B911-F13B47D97B14}.Debug|x86.Build.0 = Debug|Any CPU
		{D79DFC42-659C-431B-B911-F13B47D97B14}.Release|Any CPU.ActiveCfg = Release|Any CPU
		{D79DFC42-659C-431B-B911-F13B47D97B14}.Release|Any CPU.Build.0 = Release|Any CPU
		{D79DFC42-659C-431B-B911-F13B47D97B14}.Release|x64.ActiveCfg = Release|Any CPU
		{D79DFC42-659C-431B-B911-F13B47D97B14}.Release|x64.Build.0 = Release|Any CPU
		{D79DFC42-659C-431B-B911-F13B47D97B14}.Release|x86.ActiveCfg = Release|Any CPU
		{D79DFC42-659C-431B-B911-F13B47D97B14}.Release|x86.Build.0 = Release|Any CPU
		{E9125D3A-BCEB-4616-9BFE-8C81500681A5}.Debug|Any CPU.ActiveCfg = Debug|Any CPU
		{E9125D3A-BCEB-4616-9BFE-8C81500681A5}.Debug|Any CPU.Build.0 = Debug|Any CPU
		{E9125D3A-BCEB-4616-9BFE-8C81500681A5}.Debug|x64.ActiveCfg = Debug|Any CPU
		{E9125D3A-BCEB-4616-9BFE-8C81500681A5}.Debug|x64.Build.0 = Debug|Any CPU
		{E9125D3A-BCEB-4616-9BFE-8C81500681A5}.Debug|x86.ActiveCfg = Debug|Any CPU
		{E9125D3A-BCEB-4616-9BFE-8C81500681A5}.Debug|x86.Build.0 = Debug|Any CPU
		{E9125D3A-BCEB-4616-9BFE-8C81500681A5}.Release|Any CPU.ActiveCfg = Release|Any CPU
		{E9125D3A-BCEB-4616-9BFE-8C81500681A5}.Release|Any CPU.Build.0 = Release|Any CPU
		{E9125D3A-BCEB-4616-9BFE-8C81500681A5}.Release|x64.ActiveCfg = Release|Any CPU
		{E9125D3A-BCEB-4616-9BFE-8C81500681A5}.Release|x64.Build.0 = Release|Any CPU
		{E9125D3A-BCEB-4616-9BFE-8C81500681A5}.Release|x86.ActiveCfg = Release|Any CPU
		{E9125D3A-BCEB-4616-9BFE-8C81500681A5}.Release|x86.Build.0 = Release|Any CPU
		{C221EEBD-DDFF-45D3-BD8F-B6EE51FB5DEC}.Debug|Any CPU.ActiveCfg = Debug|Any CPU
		{C221EEBD-DDFF-45D3-BD8F-B6EE51FB5DEC}.Debug|Any CPU.Build.0 = Debug|Any CPU
		{C221EEBD-DDFF-45D3-BD8F-B6EE51FB5DEC}.Debug|x64.ActiveCfg = Debug|Any CPU
		{C221EEBD-DDFF-45D3-BD8F-B6EE51FB5DEC}.Debug|x64.Build.0 = Debug|Any CPU
		{C221EEBD-DDFF-45D3-BD8F-B6EE51FB5DEC}.Debug|x86.ActiveCfg = Debug|Any CPU
		{C221EEBD-DDFF-45D3-BD8F-B6EE51FB5DEC}.Debug|x86.Build.0 = Debug|Any CPU
		{C221EEBD-DDFF-45D3-BD8F-B6EE51FB5DEC}.Release|Any CPU.ActiveCfg = Release|Any CPU
		{C221EEBD-DDFF-45D3-BD8F-B6EE51FB5DEC}.Release|Any CPU.Build.0 = Release|Any CPU
		{C221EEBD-DDFF-45D3-BD8F-B6EE51FB5DEC}.Release|x64.ActiveCfg = Release|Any CPU
		{C221EEBD-DDFF-45D3-BD8F-B6EE51FB5DEC}.Release|x64.Build.0 = Release|Any CPU
		{C221EEBD-DDFF-45D3-BD8F-B6EE51FB5DEC}.Release|x86.ActiveCfg = Release|Any CPU
		{C221EEBD-DDFF-45D3-BD8F-B6EE51FB5DEC}.Release|x86.Build.0 = Release|Any CPU
		{6F17F9DF-B76C-4392-A45F-55DD7D6592A4}.Debug|Any CPU.ActiveCfg = Debug|Any CPU
		{6F17F9DF-B76C-4392-A45F-55DD7D6592A4}.Debug|Any CPU.Build.0 = Debug|Any CPU
		{6F17F9DF-B76C-4392-A45F-55DD7D6592A4}.Debug|x64.ActiveCfg = Debug|Any CPU
		{6F17F9DF-B76C-4392-A45F-55DD7D6592A4}.Debug|x64.Build.0 = Debug|Any CPU
		{6F17F9DF-B76C-4392-A45F-55DD7D6592A4}.Debug|x86.ActiveCfg = Debug|Any CPU
		{6F17F9DF-B76C-4392-A45F-55DD7D6592A4}.Debug|x86.Build.0 = Debug|Any CPU
		{6F17F9DF-B76C-4392-A45F-55DD7D6592A4}.Release|Any CPU.ActiveCfg = Release|Any CPU
		{6F17F9DF-B76C-4392-A45F-55DD7D6592A4}.Release|Any CPU.Build.0 = Release|Any CPU
		{6F17F9DF-B76C-4392-A45F-55DD7D6592A4}.Release|x64.ActiveCfg = Release|Any CPU
		{6F17F9DF-B76C-4392-A45F-55DD7D6592A4}.Release|x64.Build.0 = Release|Any CPU
		{6F17F9DF-B76C-4392-A45F-55DD7D6592A4}.Release|x86.ActiveCfg = Release|Any CPU
		{6F17F9DF-B76C-4392-A45F-55DD7D6592A4}.Release|x86.Build.0 = Release|Any CPU
		{3B18D6AD-3D13-4CDA-A87E-A172ECF0F25A}.Debug|Any CPU.ActiveCfg = Debug|Any CPU
		{3B18D6AD-3D13-4CDA-A87E-A172ECF0F25A}.Debug|Any CPU.Build.0 = Debug|Any CPU
		{3B18D6AD-3D13-4CDA-A87E-A172ECF0F25A}.Debug|x64.ActiveCfg = Debug|Any CPU
		{3B18D6AD-3D13-4CDA-A87E-A172ECF0F25A}.Debug|x64.Build.0 = Debug|Any CPU
		{3B18D6AD-3D13-4CDA-A87E-A172ECF0F25A}.Debug|x86.ActiveCfg = Debug|Any CPU
		{3B18D6AD-3D13-4CDA-A87E-A172ECF0F25A}.Debug|x86.Build.0 = Debug|Any CPU
		{3B18D6AD-3D13-4CDA-A87E-A172ECF0F25A}.Release|Any CPU.ActiveCfg = Release|Any CPU
		{3B18D6AD-3D13-4CDA-A87E-A172ECF0F25A}.Release|Any CPU.Build.0 = Release|Any CPU
		{3B18D6AD-3D13-4CDA-A87E-A172ECF0F25A}.Release|x64.ActiveCfg = Release|Any CPU
		{3B18D6AD-3D13-4CDA-A87E-A172ECF0F25A}.Release|x64.Build.0 = Release|Any CPU
		{3B18D6AD-3D13-4CDA-A87E-A172ECF0F25A}.Release|x86.ActiveCfg = Release|Any CPU
		{3B18D6AD-3D13-4CDA-A87E-A172ECF0F25A}.Release|x86.Build.0 = Release|Any CPU
		{FDDB19AB-96C6-4F80-AADF-C5E4E5B049AF}.Debug|Any CPU.ActiveCfg = Debug|Any CPU
		{FDDB19AB-96C6-4F80-AADF-C5E4E5B049AF}.Debug|Any CPU.Build.0 = Debug|Any CPU
		{FDDB19AB-96C6-4F80-AADF-C5E4E5B049AF}.Debug|x64.ActiveCfg = Debug|Any CPU
		{FDDB19AB-96C6-4F80-AADF-C5E4E5B049AF}.Debug|x64.Build.0 = Debug|Any CPU
		{FDDB19AB-96C6-4F80-AADF-C5E4E5B049AF}.Debug|x86.ActiveCfg = Debug|Any CPU
		{FDDB19AB-96C6-4F80-AADF-C5E4E5B049AF}.Debug|x86.Build.0 = Debug|Any CPU
		{FDDB19AB-96C6-4F80-AADF-C5E4E5B049AF}.Release|Any CPU.ActiveCfg = Release|Any CPU
		{FDDB19AB-96C6-4F80-AADF-C5E4E5B049AF}.Release|Any CPU.Build.0 = Release|Any CPU
		{FDDB19AB-96C6-4F80-AADF-C5E4E5B049AF}.Release|x64.ActiveCfg = Release|Any CPU
		{FDDB19AB-96C6-4F80-AADF-C5E4E5B049AF}.Release|x64.Build.0 = Release|Any CPU
		{FDDB19AB-96C6-4F80-AADF-C5E4E5B049AF}.Release|x86.ActiveCfg = Release|Any CPU
		{FDDB19AB-96C6-4F80-AADF-C5E4E5B049AF}.Release|x86.Build.0 = Release|Any CPU
	EndGlobalSection
	GlobalSection(SolutionProperties) = preSolution
		HideSolutionNode = FALSE
	EndGlobalSection
	GlobalSection(NestedProjects) = preSolution
		{5D0CF752-9FA0-4E8C-8D67-3448ACD383AD} = {827E0CD3-B72D-47B6-A68D-7590B98EB39B}
		{D79DFC42-659C-431B-B911-F13B47D97B14} = {827E0CD3-B72D-47B6-A68D-7590B98EB39B}
		{E9125D3A-BCEB-4616-9BFE-8C81500681A5} = {827E0CD3-B72D-47B6-A68D-7590B98EB39B}
		{C221EEBD-DDFF-45D3-BD8F-B6EE51FB5DEC} = {827E0CD3-B72D-47B6-A68D-7590B98EB39B}
		{6F17F9DF-B76C-4392-A45F-55DD7D6592A4} = {827E0CD3-B72D-47B6-A68D-7590B98EB39B}
		{3B18D6AD-3D13-4CDA-A87E-A172ECF0F25A} = {0AB3BF05-4346-4AA6-1389-037BE0695223}
		{FDDB19AB-96C6-4F80-AADF-C5E4E5B049AF} = {0AB3BF05-4346-4AA6-1389-037BE0695223}
	EndGlobalSection
EndGlobal
